
Microsoft Visual Studio Solution File, Format Version 12.00
# Visual Studio 15
VisualStudioVersion = 15.0.26730.12
MinimumVisualStudioVersion = 10.0.40219.1
Project("{8BC9CEB8-8B4A-11D0-8D11-00A0C91BC942}") = "LzmaLib", "LzmaLib.vcxproj", "{8DF5F2FE-160B-433C-A6EA-8DA30E9E6CEE}"
EndProject
Global
	GlobalSection(SolutionConfigurationPlatforms) = preSolution
		Debug|x86 = Debug|x86
		Release|x86 = Release|x86
	EndGlobalSection
	GlobalSection(ProjectConfigurationPlatforms) = postSolution
		{8DF5F2FE-160B-433C-A6EA-8DA30E9E6CEE}.Debug|x86.ActiveCfg = Debug|Win32
		{8DF5F2FE-160B-433C-A6EA-8DA30E9E6CEE}.Debug|x86.Build.0 = Debug|Win32
		{8DF5F2FE-160B-433C-A6EA-8DA30E9E6CEE}.Release|x86.ActiveCfg = Release|Win32
		{8DF5F2FE-160B-433C-A6EA-8DA30E9E6CEE}.Release|x86.Build.0 = Release|Win32
	EndGlobalSection
	GlobalSection(SolutionProperties) = preSolution
		HideSolutionNode = FALSE
	EndGlobalSection
	GlobalSection(ExtensibilityGlobals) = postSolution
		SolutionGuid = {118B87F9-C3A5-4162-96F8-AC751C8E2D96}
	EndGlobalSection
EndGlobal
